
Microsoft Visual Studio Solution File, Format Version 12.00
# Visual Studio 15
VisualStudioVersion = 15.0.27004.2005
MinimumVisualStudioVersion = 10.0.40219.1
Project("{FAE04EC0-301F-11D3-BF4B-00C04F79EFBC}") = "WindowsFormsApp3", "WindowsFormsApp3\WindowsFormsApp3.csproj", "{878D4B59-02B3-4C63-AA28-0948B9056D90}"
EndProject
Global
	GlobalSection(SolutionConfigurationPlatforms) = preSolution
		Debug|Any CPU = Debug|Any CPU
		Release|Any CPU = Release|Any CPU
	EndGlobalSection
	GlobalSection(ProjectConfigurationPlatforms) = postSolution
		{878D4B59-02B3-4C63-AA28-0948B9056D90}.Debug|Any CPU.ActiveCfg = Debug|Any CPU
		{878D4B59-02B3-4C63-AA28-0948B9056D90}.Debug|Any CPU.Build.0 = Debug|Any CPU
		{878D4B59-02B3-4C63-AA28-0948B9056D90}.Release|Any CPU.ActiveCfg = Release|Any CPU
		{878D4B59-02B3-4C63-AA28-0948B9056D90}.Release|Any CPU.Build.0 = Release|Any CPU
	EndGlobalSection
	GlobalSection(SolutionProperties) = preSolution
		HideSolutionNode = FALSE
	EndGlobalSection
	GlobalSection(ExtensibilityGlobals) = postSolution
		SolutionGuid = {7325D3A0-B7E9-43A0-A357-EE14BE366B77}
	EndGlobalSection
EndGlobal
